
Microsoft Visual Studio Solution File, Format Version 12.00
# Visual Studio Version 16
VisualStudioVersion = 16.0.33423.256
MinimumVisualStudioVersion = 10.0.40219.1
Project("{FAE04EC0-301F-11D3-BF4B-00C04F79EFBC}") = "WindowsFormsAppMVP", "WindowsFormsAppMVP.csproj", "{456F16E2-8C61-47BC-8A48-2368809BF8AB}"
EndProject
Global
	GlobalSection(SolutionConfigurationPlatforms) = preSolution
		Debug|Any CPU = Debug|Any CPU
		Release|Any CPU = Release|Any CPU
	EndGlobalSection
	GlobalSection(ProjectConfigurationPlatforms) = postSolution
		{456F16E2-8C61-47BC-8A48-2368809BF8AB}.Debug|Any CPU.ActiveCfg = Debug|Any CPU
		{456F16E2-8C61-47BC-8A48-2368809BF8AB}.Debug|Any CPU.Build.0 = Debug|Any CPU
		{456F16E2-8C61-47BC-8A48-2368809BF8AB}.Release|Any CPU.ActiveCfg = Release|Any CPU
		{456F16E2-8C61-47BC-8A48-2368809BF8AB}.Release|Any CPU.Build.0 = Release|Any CPU
	EndGlobalSection
	GlobalSection(SolutionProperties) = preSolution
		HideSolutionNode = FALSE
	EndGlobalSection
	GlobalSection(ExtensibilityGlobals) = postSolution
		SolutionGuid = {9A8D0589-B49B-49A9-B2A6-DF3A7931DB6B}
	EndGlobalSection
EndGlobal
